
Microsoft Visual Studio Solution File, Format Version 12.00
# Visual Studio 2013
VisualStudioVersion = 12.0.20623.1 VSUPREVIEW
MinimumVisualStudioVersion = 10.0.40219.1
Project("{FAE04EC0-301F-11D3-BF4B-00C04F79EFBC}") = "SCC", "SCC.csproj", "{783AAD27-4D0C-489F-ADE3-7C2E6AB4E927}"
EndProject
Project("{FAE04EC0-301F-11D3-BF4B-00C04F79EFBC}") = "TestProject", "..\TestProject\TestProject.csproj", "{91FF9282-EC5E-475A-A9EE-780688513B17}"
EndProject
Global
	GlobalSection(SolutionConfigurationPlatforms) = preSolution
		Debug|Any CPU = Debug|Any CPU
		Release|Any CPU = Release|Any CPU
	EndGlobalSection
	GlobalSection(ProjectConfigurationPlatforms) = postSolution
		{783AAD27-4D0C-489F-ADE3-7C2E6AB4E927}.Debug|Any CPU.ActiveCfg = Debug|Any CPU
		{783AAD27-4D0C-489F-ADE3-7C2E6AB4E927}.Debug|Any CPU.Build.0 = Debug|Any CPU
		{783AAD27-4D0C-489F-ADE3-7C2E6AB4E927}.Release|Any CPU.ActiveCfg = Release|Any CPU
		{783AAD27-4D0C-489F-ADE3-7C2E6AB4E927}.Release|Any CPU.Build.0 = Release|Any CPU
		{91FF9282-EC5E-475A-A9EE-780688513B17}.Debug|Any CPU.ActiveCfg = Debug|Any CPU
		{91FF9282-EC5E-475A-A9EE-780688513B17}.Debug|Any CPU.Build.0 = Debug|Any CPU
		{91FF9282-EC5E-475A-A9EE-780688513B17}.Release|Any CPU.ActiveCfg = Release|Any CPU
		{91FF9282-EC5E-475A-A9EE-780688513B17}.Release|Any CPU.Build.0 = Release|Any CPU
	EndGlobalSection
	GlobalSection(SolutionProperties) = preSolution
		HideSolutionNode = FALSE
	EndGlobalSection
EndGlobal
